
Microsoft Visual Studio Solution File, Format Version 12.00
# Visual Studio Version 16
VisualStudioVersion = 16.0.29709.97
MinimumVisualStudioVersion = 10.0.40219.1
Project("{FAE04EC0-301F-11D3-BF4B-00C04F79EFBC}") = "WebAPI", "WebAPI\WebAPI.csproj", "{340D5486-DE5D-4B8F-8EDF-649AAD6FB31A}"
EndProject
Global
	GlobalSection(SolutionConfigurationPlatforms) = preSolution
		Debug|Any CPU = Debug|Any CPU
		Release|Any CPU = Release|Any CPU
	EndGlobalSection
	GlobalSection(ProjectConfigurationPlatforms) = postSolution
		{340D5486-DE5D-4B8F-8EDF-649AAD6FB31A}.Debug|Any CPU.ActiveCfg = Debug|Any CPU
		{340D5486-DE5D-4B8F-8EDF-649AAD6FB31A}.Debug|Any CPU.Build.0 = Debug|Any CPU
		{340D5486-DE5D-4B8F-8EDF-649AAD6FB31A}.Release|Any CPU.ActiveCfg = Release|Any CPU
		{340D5486-DE5D-4B8F-8EDF-649AAD6FB31A}.Release|Any CPU.Build.0 = Release|Any CPU
	EndGlobalSection
	GlobalSection(SolutionProperties) = preSolution
		HideSolutionNode = FALSE
	EndGlobalSection
	GlobalSection(ExtensibilityGlobals) = postSolution
		SolutionGuid = {3F6E9F7B-9BBB-4D8C-888B-BD9D64441862}
	EndGlobalSection
EndGlobal
